lockfileVersion: '9.0'

settings:
  autoInstallPeers: true
  excludeLinksFromLockfile: false

importers:

  .:
    dependencies:
      '@agentclientprotocol/sdk':
        specifier: ^0.13.1
        version: 0.13.1(zod@4.3.5)
      diff:
        specifier: ^8.0.3
        version: 8.0.3
      event-target-polyfill:
        specifier: ^0.0.4
        version: 0.0.4
    devDependencies:
      '@types/node':
        specifier: ^22.10.2
        version: 22.19.7
      typescript:
        specifier: ^5.7.2
        version: 5.9.3

packages:

  '@agentclientprotocol/sdk@0.13.1':
    resolution: {integrity: sha512-6byvu+F/xc96GBkdAx4hq6/tB3vT63DSBO4i3gYCz8nuyZMerVFna2Gkhm8EHNpZX0J9DjUxzZCW+rnHXUg0FA==}
    peerDependencies:
      zod: ^3.25.0 || ^4.0.0

  '@types/node@22.19.7':
    resolution: {integrity: sha512-MciR4AKGHWl7xwxkBa6xUGxQJ4VBOmPTF7sL+iGzuahOFaO0jHCsuEfS80pan1ef4gWId1oWOweIhrDEYLuaOw==}

  diff@8.0.3:
    resolution: {integrity: sha512-qejHi7bcSD4hQAZE0tNAawRK1ZtafHDmMTMkrrIGgSLl7hTnQHmKCeB45xAcbfTqK2zowkM3j3bHt/4b/ARbYQ==}
    engines: {node: '>=0.3.1'}

  event-target-polyfill@0.0.4:
    resolution: {integrity: sha512-Gs6RLjzlLRdT8X9ZipJdIZI/Y6/HhRLyq9RdDlCsnpxr/+Nn6bU2EFGuC94GjxqhM+Nmij2Vcq98yoHrU8uNFQ==}

  typescript@5.9.3:
    resolution: {integrity: sha512-jl1vZzPDinLr9eUt3J/t7V6FgNEw9QjvBPdysz9KfQDD41fQrC2Y4vKQdiaUpFT4bXlb1RHhLpp8wtm6M5TgSw==}
    engines: {node: '>=14.17'}
    hasBin: true

  undici-types@6.21.0:
    resolution: {integrity: sha512-iwDZqg0QAGrg9Rav5H4n0M64c3mkR59cJ6wQp+7C4nI0gsmExaedaYLNO44eT4AtBBwjbTiGPMlt2Md0T9H9JQ==}

  zod@4.3.5:
    resolution: {integrity: sha512-k7Nwx6vuWx1IJ9Bjuf4Zt1PEllcwe7cls3VNzm4CQ1/hgtFUK2bRNG3rvnpPUhFjmqJKAKtjV576KnUkHocg/g==}

snapshots:

  '@agentclientprotocol/sdk@0.13.1(zod@4.3.5)':
    dependencies:
      zod: 4.3.5

  '@types/node@22.19.7':
    dependencies:
      undici-types: 6.21.0

  diff@8.0.3: {}

  event-target-polyfill@0.0.4: {}

  typescript@5.9.3: {}

  undici-types@6.21.0: {}

  zod@4.3.5: {}
